{
  "version": 4,
  "terraform_version": "1.6.6",
  "serial": 7,
  "lineage": "8cfd0e40-af5f-6c92-88d2-61e45efb8b39",
  "outputs": {
    "kubernetes_cluster_host": {
      "value": "34.72.136.8",
      "type": "string"
    },
    "kubernetes_cluster_name": {
      "value": "coral-gate-410916-gke",
      "type": "string"
    },
    "project_id": {
      "value": "coral-gate-410916",
      "type": "string"
    },
    "region": {
      "value": "us-central1",
      "type": "string"
    }
  },
  "resources": [
    {
      "mode": "data",
      "type": "google_container_engine_versions",
      "name": "gke_version",
      "provider": "provider[\"registry.terraform.io/hashicorp/google\"]",
      "instances": [
        {
          "schema_version": 0,
          "attributes": {
            "default_cluster_version": "1.27.3-gke.100",
            "id": "2024-01-12 05:38:40.711802 +0000 UTC",
            "latest_master_version": "1.27.8-gke.1067000",
            "latest_node_version": "1.27.8-gke.1067000",
            "location": "us-central1",
            "project": null,
            "release_channel_default_version": {
              "RAPID": "1.28.3-gke.1203001",
              "REGULAR": "1.27.3-gke.100",
              "STABLE": "1.27.3-gke.100"
            },
            "release_channel_latest_version": {
              "RAPID": "1.27.8-gke.1067000",
              "REGULAR": "1.27.7-gke.1121000",
              "STABLE": "1.27.5-gke.200"
            },
            "valid_master_versions": [
              "1.27.8-gke.1067000",
              "1.27.7-gke.1293000",
              "1.27.7-gke.1121000",
              "1.27.7-gke.1056000",
              "1.27.5-gke.200",
              "1.27.4-gke.900",
              "1.27.3-gke.100",
              "1.27.2-gke.1200"
            ],
            "valid_node_versions": [
              "1.27.8-gke.1067000",
              "1.27.7-gke.1293000",
              "1.27.7-gke.1121000",
              "1.27.7-gke.1088000",
              "1.27.7-gke.1056000",
              "1.27.7-gke.1038000",
              "1.27.6-gke.1506000",
              "1.27.6-gke.1445000",
              "1.27.6-gke.1248000",
              "1.27.5-gke.200",
              "1.27.4-gke.900",
              "1.27.3-gke.1700",
              "1.27.3-gke.100",
              "1.27.2-gke.2100",
              "1.27.2-gke.1200"
            ],
            "version_prefix": "1.27."
          },
          "sensitive_attributes": []
        }
      ]
    },
    {
      "mode": "managed",
      "type": "google_compute_network",
      "name": "vpc",
      "provider": "provider[\"registry.terraform.io/hashicorp/google\"]",
      "instances": [
        {
          "schema_version": 0,
          "attributes": {
            "auto_create_subnetworks": false,
            "delete_default_routes_on_create": false,
            "description": "",
            "enable_ula_internal_ipv6": false,
            "gateway_ipv4": "",
            "id": "projects/coral-gate-410916/global/networks/coral-gate-410916-vpc",
            "internal_ipv6_range": "",
            "mtu": 0,
            "name": "coral-gate-410916-vpc",
            "network_firewall_policy_enforcement_order": "AFTER_CLASSIC_FIREWALL",
            "project": "coral-gate-410916",
            "routing_mode": "REGIONAL",
            "self_link": "https://www.googleapis.com/compute/v1/projects/coral-gate-410916/global/networks/coral-gate-410916-vpc",
            "timeouts": null
          },
          "sensitive_attributes": [],
          "private": "eyJlMmJmYjczMC1lY2FhLTExZTYtOGY4OC0zNDM2M2JjN2M0YzAiOnsiY3JlYXRlIjoxMjAwMDAwMDAwMDAwLCJkZWxldGUiOjEyMDAwMDAwMDAwMDAsInVwZGF0ZSI6MTIwMDAwMDAwMDAwMH19"
        }
      ]
    },
    {
      "mode": "managed",
      "type": "google_compute_subnetwork",
      "name": "subnet",
      "provider": "provider[\"registry.terraform.io/hashicorp/google\"]",
      "instances": [
        {
          "schema_version": 0,
          "attributes": {
            "creation_timestamp": "2024-01-11T21:26:40.993-08:00",
            "description": "",
            "external_ipv6_prefix": "",
            "fingerprint": null,
            "gateway_address": "10.10.0.1",
            "id": "projects/coral-gate-410916/regions/us-central1/subnetworks/coral-gate-410916-subnet",
            "ip_cidr_range": "10.10.0.0/24",
            "ipv6_access_type": "",
            "ipv6_cidr_range": "",
            "log_config": [],
            "name": "coral-gate-410916-subnet",
            "network": "https://www.googleapis.com/compute/v1/projects/coral-gate-410916/global/networks/coral-gate-410916-vpc",
            "private_ip_google_access": true,
            "private_ipv6_google_access": "DISABLE_GOOGLE_ACCESS",
            "project": "coral-gate-410916",
            "purpose": "PRIVATE",
            "region": "us-central1",
            "role": "",
            "secondary_ip_range": [],
            "self_link": "https://www.googleapis.com/compute/v1/projects/coral-gate-410916/regions/us-central1/subnetworks/coral-gate-410916-subnet",
            "stack_type": "IPV4_ONLY",
            "timeouts": null
          },
          "sensitive_attributes": [],
          "private": "eyJlMmJmYjczMC1lY2FhLTExZTYtOGY4OC0zNDM2M2JjN2M0YzAiOnsiY3JlYXRlIjoxMjAwMDAwMDAwMDAwLCJkZWxldGUiOjEyMDAwMDAwMDAwMDAsInVwZGF0ZSI6MTIwMDAwMDAwMDAwMH19",
          "dependencies": [
            "google_compute_network.vpc"
          ]
        }
      ]
    },
    {
      "mode": "managed",
      "type": "google_container_cluster",
      "name": "helloweb3",
      "provider": "provider[\"registry.terraform.io/hashicorp/google\"]",
      "instances": [
        {
          "schema_version": 1,
          "attributes": {
            "addons_config": [
              {
                "cloudrun_config": [],
                "config_connector_config": [],
                "dns_cache_config": [],
                "gce_persistent_disk_csi_driver_config": [
                  {
                    "enabled": true
                  }
                ],
                "gcp_filestore_csi_driver_config": [],
                "gke_backup_agent_config": [],
                "horizontal_pod_autoscaling": [],
                "http_load_balancing": [],
                "network_policy_config": [
                  {
                    "disabled": true
                  }
                ]
              }
            ],
            "authenticator_groups_config": [],
            "binary_authorization": [
              {
                "enabled": false,
                "evaluation_mode": ""
              }
            ],
            "cluster_autoscaling": [
              {
                "auto_provisioning_defaults": [],
                "enabled": false,
                "resource_limits": []
              }
            ],
            "cluster_ipv4_cidr": "10.180.0.0/14",
            "confidential_nodes": [],
            "cost_management_config": [],
            "database_encryption": [
              {
                "key_name": "",
                "state": "DECRYPTED"
              }
            ],
            "datapath_provider": "",
            "default_max_pods_per_node": null,
            "default_snat_status": [
              {
                "disabled": false
              }
            ],
            "description": "",
            "dns_config": [],
            "enable_autopilot": false,
            "enable_binary_authorization": false,
            "enable_intranode_visibility": false,
            "enable_kubernetes_alpha": false,
            "enable_l4_ilb_subsetting": false,
            "enable_legacy_abac": false,
            "enable_shielded_nodes": true,
            "enable_tpu": false,
            "endpoint": "34.72.136.8",
            "gateway_api_config": [],
            "id": "projects/coral-gate-410916/locations/us-central1/clusters/coral-gate-410916-gke",
            "initial_node_count": 1,
            "ip_allocation_policy": [],
            "label_fingerprint": "a9dc16a7",
            "location": "us-central1",
            "logging_config": [
              {
                "enable_components": [
                  "SYSTEM_COMPONENTS",
                  "WORKLOADS"
                ]
              }
            ],
            "logging_service": "logging.googleapis.com/kubernetes",
            "maintenance_policy": [],
            "master_auth": [
              {
                "client_certificate": "",
                "client_certificate_config": [
                  {
                    "issue_client_certificate": false
                  }
                ],
                "client_key": "",
                "cluster_ca_certificate": "LS0tLS1CRUdJTiBDRVJUSUZJQ0FURS0tLS0tCk1JSUVMRENDQXBTZ0F3SUJBZ0lRV1lyTnBtL2xacDQ1d043VXpGeWx3VEFOQmdrcWhraUc5dzBCQVFzRkFEQXYKTVMwd0t3WURWUVFERXlSaVpqazJOVEk0TnkxalpXVTRMVFJpTXpjdE9XSmxOaTAzTURJNFpEQTNObVk0TUdVdwpJQmNOTWpRd01URXlNRFF5TmpVeVdoZ1BNakExTkRBeE1EUXdOVEkyTlRKYU1DOHhMVEFyQmdOVkJBTVRKR0ptCk9UWTFNamczTFdObFpUZ3ROR0l6TnkwNVltVTJMVGN3TWpoa01EYzJaamd3WlRDQ0FhSXdEUVlKS29aSWh2Y04KQVFFQkJRQURnZ0dQQURDQ0FZb0NnZ0dCQU9wdzFvRUV3RDFpYjRMdVYzYWNHamsrcTV1ZjNmMGcxL2NZSlFhdApSU2o0b0FtaTNWY0JuZUY2Vm1jaVljZUtsS2h1M0lSZThqVGhVWUU1L2w4LzhsN2xHNHlTZjZzU1FYVWJNYkhBCkJqOTRhYmdDU1hNbkg3cWRQMHl4Tk4wNmRWSXN4SElySVlPQmh1Vlc4ck5oeDZURDRpZUdGKzBxU29pdnZoT1cKYzF4ZVRXTmZxZHJBSWJ0Z1l6VFBIWGVkSHA1SFJ6dEo4R2JoU1V1TlpiWW5nZlloUVNUaWRhclVjL0hBNkZPcwpLUHl4NjFqbTZlR1RSN1l5Y1VWRjJtL3ZJQTJ0aUd1UzA1eUJFQ2ZKZmNQQ3drc3VkbEpDWU4vaXRRZFJlbHBmCkxUWVd4R0xsMGRRay9md1NSQjRkbURqZzNNcW1RVStFMmcwUHZvNXVLeDU1OSthSTd3QUdIMjZUTVJoc2RlNjgKYlc0MmhTRVZsV0ozQ0Q5M0J5RDNCNDVIbEtLbTNWVVEwSytMeGRXRzAzbitObWpxblJ3ajhJQ09SZ2l4bFRkVwpPY2VPMm1aNktWZXp2SEVlNTJUZGFCc0JQTGNPRTRjbDVsNHVieCtMOFNkbEhkM2hEOCttL25ZeTJnYWtTSXUzCnN4UkRCbDJNUkh5NUlGcjEzb0k3Qzl4OUdRSURBUUFCbzBJd1FEQU9CZ05WSFE4QkFmOEVCQU1DQWdRd0R3WUQKVlIwVEFRSC9CQVV3QXdFQi96QWRCZ05WSFE0RUZnUVVtcVg0cHhCRGd5OEZVcjg2b09hRU5OV01SUDh3RFFZSgpLb1pJaHZjTkFRRUxCUUFEZ2dHQkFCS21WTGhHRmxkYlNkaE9KRHBwRGNRN21qNlMvZHdrQUlPN29wV0RGUXRBCnBMVkk2OVVVT1VmRDZUVkE5NmI1U1d0NUdBVVBncjJWajdCajlKclR0TXdkV2lKbVlUTzBZaVl2YlhIWVBNa1UKdDQ0em5QcEthdGFyQm1hMS9rUCtBSFRYRno1UHdGS3c5YXp4QTRIK0tMMXFweW9xT1hOK3JuNDZqQmE4R2d2MgpueE9QMlFvNmNJelBSQlVlKzVKdSs5aXMrVTBjRDhsZ3FTeC9mWkZXUndtUzJlbnY4RGVmb3RZVUltR2VWRFZ0CnhIckFtKzRuQjhETXdyK0s1YktuSjVzSFZMS0N2T3Ura1dZcU5iSTVkWndBNWR6Z3hLcS9qTVk0VjR6bUcxc1IKRldHQllPKzJmMUpaL3NwdEFScG9wZUZEUTFoS010c2VjM2ZmWEVTRlE4Ryt2d3VpNUNadDZWR2tBL0YyUXVFaQpUQ29hZXZ4U0NBMTAreU5RbkdlenRMVTFUU1RDTFh6NzRTNWhIa0NyTWZjYzY3Y0prQ1JPTlJ3Qm5KSXVNVWxvCkFDcWhaNVFHQ3hyUGdKamlYRXR0Y0FzbTJKcXBub0hJZDFka3ordWFkV1hHc2ZNTFU3N2xOeHJ5ejdSOW1XcjcKU3ZER0g0SVdaZ3lHZEQrQVI4QUU0UT09Ci0tLS0tRU5EIENFUlRJRklDQVRFLS0tLS0K"
              }
            ],
            "master_authorized_networks_config": [],
            "master_version": "1.27.3-gke.100",
            "mesh_certificates": [],
            "min_master_version": null,
            "monitoring_config": [
              {
                "enable_components": [
                  "SYSTEM_COMPONENTS"
                ],
                "managed_prometheus": [
                  {
                    "enabled": true
                  }
                ]
              }
            ],
            "monitoring_service": "monitoring.googleapis.com/kubernetes",
            "name": "coral-gate-410916-gke",
            "network": "projects/coral-gate-410916/global/networks/coral-gate-410916-vpc",
            "network_policy": [
              {
                "enabled": false,
                "provider": "PROVIDER_UNSPECIFIED"
              }
            ],
            "networking_mode": "ROUTES",
            "node_config": [],
            "node_locations": [
              "us-central1-a",
              "us-central1-b",
              "us-central1-c"
            ],
            "node_pool": [],
            "node_pool_defaults": [
              {
                "node_config_defaults": [
                  {
                    "logging_variant": "DEFAULT"
                  }
                ]
              }
            ],
            "node_version": "1.27.3-gke.100",
            "notification_config": [
              {
                "pubsub": [
                  {
                    "enabled": false,
                    "filter": [],
                    "topic": ""
                  }
                ]
              }
            ],
            "operation": null,
            "private_cluster_config": [
              {
                "enable_private_endpoint": false,
                "enable_private_nodes": false,
                "master_global_access_config": [
                  {
                    "enabled": false
                  }
                ],
                "master_ipv4_cidr_block": "",
                "peering_name": "",
                "private_endpoint": "10.10.0.2",
                "private_endpoint_subnetwork": "",
                "public_endpoint": "34.72.136.8"
              }
            ],
            "private_ipv6_google_access": "",
            "project": "coral-gate-410916",
            "release_channel": [
              {
                "channel": "REGULAR"
              }
            ],
            "remove_default_node_pool": true,
            "resource_labels": {},
            "resource_usage_export_config": [],
            "security_posture_config": [
              {
                "mode": "BASIC",
                "vulnerability_mode": "VULNERABILITY_MODE_UNSPECIFIED"
              }
            ],
            "self_link": "https://container.googleapis.com/v1/projects/coral-gate-410916/locations/us-central1/clusters/coral-gate-410916-gke",
            "service_external_ips_config": [
              {
                "enabled": false
              }
            ],
            "services_ipv4_cidr": "10.183.240.0/20",
            "subnetwork": "projects/coral-gate-410916/regions/us-central1/subnetworks/coral-gate-410916-subnet",
            "timeouts": null,
            "tpu_ipv4_cidr_block": "",
            "vertical_pod_autoscaling": [],
            "workload_identity_config": []
          },
          "sensitive_attributes": [],
          "private": "eyJlMmJmYjczMC1lY2FhLTExZTYtOGY4OC0zNDM2M2JjN2M0YzAiOnsiY3JlYXRlIjoyNDAwMDAwMDAwMDAwLCJkZWxldGUiOjI0MDAwMDAwMDAwMDAsInJlYWQiOjI0MDAwMDAwMDAwMDAsInVwZGF0ZSI6MzYwMDAwMDAwMDAwMH0sInNjaGVtYV92ZXJzaW9uIjoiMSJ9",
          "dependencies": [
            "google_compute_network.vpc",
            "google_compute_subnetwork.subnet"
          ]
        }
      ]
    },
    {
      "mode": "managed",
      "type": "google_container_node_pool",
      "name": "app_pool",
      "provider": "provider[\"registry.terraform.io/hashicorp/google\"]",
      "instances": [
        {
          "status": "tainted",
          "schema_version": 1,
          "attributes": {
            "autoscaling": [],
            "cluster": "coral-gate-410916-gke",
            "id": "projects/coral-gate-410916/locations/us-central1/clusters/coral-gate-410916-gke/nodePools/coral-gate-410916-gke",
            "initial_node_count": null,
            "instance_group_urls": null,
            "location": "us-central1",
            "managed_instance_group_urls": null,
            "management": null,
            "max_pods_per_node": null,
            "name": "coral-gate-410916-gke",
            "name_prefix": null,
            "network_config": null,
            "node_config": [
              {
                "advanced_machine_features": [],
                "boot_disk_kms_key": "",
                "disk_size_gb": 0,
                "disk_type": "",
                "ephemeral_storage_local_ssd_config": [],
                "gcfs_config": [],
                "guest_accelerator": [],
                "gvnic": [],
                "image_type": "",
                "kubelet_config": [],
                "labels": {
                  "env": "coral-gate-410916"
                },
                "linux_node_config": [],
                "local_nvme_ssd_block_config": [],
                "local_ssd_count": 0,
                "logging_variant": "DEFAULT",
                "machine_type": "n1-standard-1",
                "metadata": {
                  "disable-legacy-endpoints": "true"
                },
                "min_cpu_platform": "",
                "node_group": "",
                "oauth_scopes": [
                  "https://www.googleapis.com/auth/logging.write",
                  "https://www.googleapis.com/auth/monitoring"
                ],
                "preemptible": false,
                "reservation_affinity": [],
                "resource_labels": null,
                "service_account": "",
                "shielded_instance_config": [],
                "sole_tenant_config": [],
                "spot": false,
                "tags": [
                  "gke-node",
                  "coral-gate-410916-gke"
                ],
                "taint": [],
                "workload_metadata_config": []
              }
            ],
            "node_count": 2,
            "node_locations": [],
            "operation": null,
            "placement_policy": [],
            "project": null,
            "timeouts": null,
            "upgrade_settings": null,
            "version": "1.27.5-gke.200"
          },
          "sensitive_attributes": [],
          "private": "eyJlMmJmYjczMC1lY2FhLTExZTYtOGY4OC0zNDM2M2JjN2M0YzAiOnsiY3JlYXRlIjoxODAwMDAwMDAwMDAwLCJkZWxldGUiOjE4MDAwMDAwMDAwMDAsInVwZGF0ZSI6MTgwMDAwMDAwMDAwMH0sInNjaGVtYV92ZXJzaW9uIjoiMSJ9",
          "dependencies": [
            "data.google_container_engine_versions.gke_version",
            "google_compute_network.vpc",
            "google_compute_subnetwork.subnet",
            "google_container_cluster.helloweb3"
          ]
        }
      ]
    }
  ],
  "check_results": null
}
